
Microsoft Visual Studio Solution File, Format Version 12.00
# Visual Studio Version 16
VisualStudioVersion = 16.0.30523.141
MinimumVisualStudioVersion = 10.0.40219.1
Project("{FAE04EC0-301F-11D3-BF4B-00C04F79EFBC}") = "Practice-3-1-1", "Practice-3-1-1.csproj", "{077B8FAE-C1A1-47D0-9C33-C7654AA98B21}"
EndProject
Global
	GlobalSection(SolutionConfigurationPlatforms) = preSolution
		Debug|Any CPU = Debug|Any CPU
		Release|Any CPU = Release|Any CPU
	EndGlobalSection
	GlobalSection(ProjectConfigurationPlatforms) = postSolution
		{077B8FAE-C1A1-47D0-9C33-C7654AA98B21}.Debug|Any CPU.ActiveCfg = Debug|Any CPU
		{077B8FAE-C1A1-47D0-9C33-C7654AA98B21}.Debug|Any CPU.Build.0 = Debug|Any CPU
		{077B8FAE-C1A1-47D0-9C33-C7654AA98B21}.Release|Any CPU.ActiveCfg = Release|Any CPU
		{077B8FAE-C1A1-47D0-9C33-C7654AA98B21}.Release|Any CPU.Build.0 = Release|Any CPU
	EndGlobalSection
	GlobalSection(SolutionProperties) = preSolution
		HideSolutionNode = FALSE
	EndGlobalSection
	GlobalSection(ExtensibilityGlobals) = postSolution
		SolutionGuid = {0B4E2A61-816D-408D-82AE-78F4F78FDF26}
	EndGlobalSection
EndGlobal
