
Microsoft Visual Studio Solution File, Format Version 12.00
# Visual Studio Version 16
VisualStudioVersion = 16.0.30523.141
MinimumVisualStudioVersion = 10.0.40219.1
Project("{FAE04EC0-301F-11D3-BF4B-00C04F79EFBC}") = "Practice-2-3-2", "Practice-2-3-2.csproj", "{EE1683FD-E9AF-4C7A-AB7D-C996F94A20DA}"
EndProject
Global
	GlobalSection(SolutionConfigurationPlatforms) = preSolution
		Debug|Any CPU = Debug|Any CPU
		Release|Any CPU = Release|Any CPU
	EndGlobalSection
	GlobalSection(ProjectConfigurationPlatforms) = postSolution
		{EE1683FD-E9AF-4C7A-AB7D-C996F94A20DA}.Debug|Any CPU.ActiveCfg = Debug|Any CPU
		{EE1683FD-E9AF-4C7A-AB7D-C996F94A20DA}.Debug|Any CPU.Build.0 = Debug|Any CPU
		{EE1683FD-E9AF-4C7A-AB7D-C996F94A20DA}.Release|Any CPU.ActiveCfg = Release|Any CPU
		{EE1683FD-E9AF-4C7A-AB7D-C996F94A20DA}.Release|Any CPU.Build.0 = Release|Any CPU
	EndGlobalSection
	GlobalSection(SolutionProperties) = preSolution
		HideSolutionNode = FALSE
	EndGlobalSection
	GlobalSection(ExtensibilityGlobals) = postSolution
		SolutionGuid = {0CF535AB-1C73-412B-80A7-26BA5114ABC0}
	EndGlobalSection
EndGlobal
