
Microsoft Visual Studio Solution File, Format Version 12.00
# Visual Studio Version 16
VisualStudioVersion = 16.0.30523.141
MinimumVisualStudioVersion = 10.0.40219.1
Project("{FAE04EC0-301F-11D3-BF4B-00C04F79EFBC}") = "Practice-1-4-2", "Practice-1-4-2.csproj", "{42FB0C52-3533-4DD6-A9AD-1BC01D860950}"
EndProject
Global
	GlobalSection(SolutionConfigurationPlatforms) = preSolution
		Debug|Any CPU = Debug|Any CPU
		Release|Any CPU = Release|Any CPU
	EndGlobalSection
	GlobalSection(ProjectConfigurationPlatforms) = postSolution
		{42FB0C52-3533-4DD6-A9AD-1BC01D860950}.Debug|Any CPU.ActiveCfg = Debug|Any CPU
		{42FB0C52-3533-4DD6-A9AD-1BC01D860950}.Debug|Any CPU.Build.0 = Debug|Any CPU
		{42FB0C52-3533-4DD6-A9AD-1BC01D860950}.Release|Any CPU.ActiveCfg = Release|Any CPU
		{42FB0C52-3533-4DD6-A9AD-1BC01D860950}.Release|Any CPU.Build.0 = Release|Any CPU
	EndGlobalSection
	GlobalSection(SolutionProperties) = preSolution
		HideSolutionNode = FALSE
	EndGlobalSection
	GlobalSection(ExtensibilityGlobals) = postSolution
		SolutionGuid = {98652522-D93F-4D2D-82F3-50DED4E40449}
	EndGlobalSection
EndGlobal
