
Microsoft Visual Studio Solution File, Format Version 12.00
Project("{FAE04EC0-301F-11D3-BF4B-00C04F79EFBC}") = "pr-01-03-02", "pr-01-03-02.csproj", "{AABD2F6A-57B6-4C32-90AA-79509DF0F056}"
EndProject
Global
	GlobalSection(SolutionConfigurationPlatforms) = preSolution
		Debug|Any CPU = Debug|Any CPU
		Release|Any CPU = Release|Any CPU
	EndGlobalSection
	GlobalSection(ProjectConfigurationPlatforms) = postSolution
		{AABD2F6A-57B6-4C32-90AA-79509DF0F056}.Debug|Any CPU.ActiveCfg = Debug|Any CPU
		{AABD2F6A-57B6-4C32-90AA-79509DF0F056}.Debug|Any CPU.Build.0 = Debug|Any CPU
		{AABD2F6A-57B6-4C32-90AA-79509DF0F056}.Release|Any CPU.ActiveCfg = Release|Any CPU
		{AABD2F6A-57B6-4C32-90AA-79509DF0F056}.Release|Any CPU.Build.0 = Release|Any CPU
	EndGlobalSection
EndGlobal
