
Microsoft Visual Studio Solution File, Format Version 12.00
# Visual Studio Version 16
VisualStudioVersion = 16.0.30523.141
MinimumVisualStudioVersion = 10.0.40219.1
Project("{FAE04EC0-301F-11D3-BF4B-00C04F79EFBC}") = "Practice-2-1-1", "Practice-2-1-1.csproj", "{909A0182-B881-4265-A0AD-033AA364F985}"
EndProject
Global
	GlobalSection(SolutionConfigurationPlatforms) = preSolution
		Debug|Any CPU = Debug|Any CPU
		Release|Any CPU = Release|Any CPU
	EndGlobalSection
	GlobalSection(ProjectConfigurationPlatforms) = postSolution
		{909A0182-B881-4265-A0AD-033AA364F985}.Debug|Any CPU.ActiveCfg = Debug|Any CPU
		{909A0182-B881-4265-A0AD-033AA364F985}.Debug|Any CPU.Build.0 = Debug|Any CPU
		{909A0182-B881-4265-A0AD-033AA364F985}.Release|Any CPU.ActiveCfg = Release|Any CPU
		{909A0182-B881-4265-A0AD-033AA364F985}.Release|Any CPU.Build.0 = Release|Any CPU
	EndGlobalSection
	GlobalSection(SolutionProperties) = preSolution
		HideSolutionNode = FALSE
	EndGlobalSection
	GlobalSection(ExtensibilityGlobals) = postSolution
		SolutionGuid = {6399C514-C3E2-44EC-8750-FD966239798B}
	EndGlobalSection
EndGlobal
