
Microsoft Visual Studio Solution File, Format Version 12.00
# Visual Studio Version 16
VisualStudioVersion = 16.0.30523.141
MinimumVisualStudioVersion = 10.0.40219.1
Project("{FAE04EC0-301F-11D3-BF4B-00C04F79EFBC}") = "Practice-2-3-1", "Practice-2-3-1.csproj", "{78955EFB-B4AE-4C2E-89D0-11355E2831DA}"
EndProject
Global
	GlobalSection(SolutionConfigurationPlatforms) = preSolution
		Debug|Any CPU = Debug|Any CPU
		Release|Any CPU = Release|Any CPU
	EndGlobalSection
	GlobalSection(ProjectConfigurationPlatforms) = postSolution
		{78955EFB-B4AE-4C2E-89D0-11355E2831DA}.Debug|Any CPU.ActiveCfg = Debug|Any CPU
		{78955EFB-B4AE-4C2E-89D0-11355E2831DA}.Debug|Any CPU.Build.0 = Debug|Any CPU
		{78955EFB-B4AE-4C2E-89D0-11355E2831DA}.Release|Any CPU.ActiveCfg = Release|Any CPU
		{78955EFB-B4AE-4C2E-89D0-11355E2831DA}.Release|Any CPU.Build.0 = Release|Any CPU
	EndGlobalSection
	GlobalSection(SolutionProperties) = preSolution
		HideSolutionNode = FALSE
	EndGlobalSection
	GlobalSection(ExtensibilityGlobals) = postSolution
		SolutionGuid = {283C0660-A94D-424C-BD6C-335520C81F2A}
	EndGlobalSection
EndGlobal
